// !$*UTF8*$!
{
	archiveVersion = 1;
	classes = {
	};
	objectVersion = 51;
	objects = {

/* Begin PBXBuildFile section */
		3B8662BB01DE7A0C221A6EE5 /* Pods_ParstagramTests.framework in Frameworks */ = {isa = PBXBuildFile; fileRef = C0EA60FA706383871DD38002 /* Pods_ParstagramTests.framework */; };
		4882E322B917D0FC9F4D8507 /* Pods_Parstagram_ParstagramUITests.framework in Frameworks */ = {isa = PBXBuildFile; fileRef = 86F7C9153054E3F829EEB90F /* Pods_Parstagram_ParstagramUITests.framework */; };
		6F2450A82725791600E2A0ED /* AppDelegate.swift in Sources */ = {isa = PBXBuildFile; fileRef = 6F2450A72725791600E2A0ED /* AppDelegate.swift */; };
		6F2450AA2725791600E2A0ED /* SceneDelegate.swift in Sources */ = {isa = PBXBuildFile; fileRef = 6F2450A92725791600E2A0ED /* SceneDelegate.swift */; };
		6F2450AF2725791600E2A0ED /* Main.storyboard in Resources */ = {isa = PBXBuildFile; fileRef = 6F2450AD2725791600E2A0ED /* Main.storyboard */; };
		6F2450B12725791700E2A0ED /* Assets.xcassets in Resources */ = {isa = PBXBuildFile; fileRef = 6F2450B02725791700E2A0ED /* Assets.xcassets */; };
		6F2450B42725791700E2A0ED /* LaunchScreen.storyboard in Resources */ = {isa = PBXBuildFile; fileRef = 6F2450B22725791700E2A0ED /* LaunchScreen.storyboard */; };
		6F2450BF2725791800E2A0ED /* ParstagramTests.swift in Sources */ = {isa = PBXBuildFile; fileRef = 6F2450BE2725791800E2A0ED /* ParstagramTests.swift */; };
		6F2450CA2725791800E2A0ED /* ParstagramUITests.swift in Sources */ = {isa = PBXBuildFile; fileRef = 6F2450C92725791800E2A0ED /* ParstagramUITests.swift */; };
		6F49D39D272C4E8000160C28 /* CommentCell.swift in Sources */ = {isa = PBXBuildFile; fileRef = 6F49D39C272C4E8000160C28 /* CommentCell.swift */; };
		6F82919527257C8C00B40B1B /* LoginViewController.swift in Sources */ = {isa = PBXBuildFile; fileRef = 6F82919427257C8C00B40B1B /* LoginViewController.swift */; };
		6F82919727257CA200B40B1B /* FeedViewController.swift in Sources */ = {isa = PBXBuildFile; fileRef = 6F82919627257CA200B40B1B /* FeedViewController.swift */; };
		6F829199272582D300B40B1B /* CameraViewController.swift in Sources */ = {isa = PBXBuildFile; fileRef = 6F829198272582D300B40B1B /* CameraViewController.swift */; };
		6F82919B27258BA400B40B1B /* PostCell.swift in Sources */ = {isa = PBXBuildFile; fileRef = 6F82919A27258BA400B40B1B /* PostCell.swift */; };
		C1CCC683CA01CD1101E3FE1E /* Pods_Parstagram.framework in Frameworks */ = {isa = PBXBuildFile; fileRef = 2808EE6566F9682C17751AD7 /* Pods_Parstagram.framework */; };
/* End PBXBuildFile section */

/* Begin PBXContainerItemProxy section */
		6F2450BB2725791800E2A0ED /* PBXContainerItemProxy */ = {
			isa = PBXContainerItemProxy;
			containerPortal = 6F24509C2725791600E2A0ED /* Project object */;
			proxyType = 1;
			remoteGlobalIDString = 6F2450A32725791600E2A0ED;
			remoteInfo = Parstagram;
		};
		6F2450C62725791800E2A0ED /* PBXContainerItemProxy */ = {
			isa = PBXContainerItemProxy;
			containerPortal = 6F24509C2725791600E2A0ED /* Project object */;
			proxyType = 1;
			remoteGlobalIDString = 6F2450A32725791600E2A0ED;
			remoteInfo = Parstagram;
		};
/* End PBXContainerItemProxy section */

/* Begin PBXFileReference section */
		275604195BC07155B67BC52F /* Pods-ParstagramTests.debug.xcconfig */ = {isa = PBXFileReference; includeInIndex = 1; lastKnownFileType = text.xcconfig; name = "Pods-ParstagramTests.debug.xcconfig"; path = "Target Support Files/Pods-ParstagramTests/Pods-ParstagramTests.debug.xcconfig"; sourceTree = "<group>"; };
		2808EE6566F9682C17751AD7 /* Pods_Parstagram.framework */ = {isa = PBXFileReference; explicitFileType = wrapper.framework; includeInIndex = 0; path = Pods_Parstagram.framework; sourceTree = BUILT_PRODUCTS_DIR; };
		4C39286D613DFDDE4C61723C /* Pods-ParstagramTests.release.xcconfig */ = {isa = PBXFileReference; includeInIndex = 1; lastKnownFileType = text.xcconfig; name = "Pods-ParstagramTests.release.xcconfig"; path = "Target Support Files/Pods-ParstagramTests/Pods-ParstagramTests.release.xcconfig"; sourceTree = "<group>"; };
		502CA844318D6430D3F9662E /* Pods-Parstagram.release.xcconfig */ = {isa = PBXFileReference; includeInIndex = 1; lastKnownFileType = text.xcconfig; name = "Pods-Parstagram.release.xcconfig"; path = "Target Support Files/Pods-Parstagram/Pods-Parstagram.release.xcconfig"; sourceTree = "<group>"; };
		56F8631D7E25C56BA681E72A /* Pods-Parstagram-ParstagramUITests.debug.xcconfig */ = {isa = PBXFileReference; includeInIndex = 1; lastKnownFileType = text.xcconfig; name = "Pods-Parstagram-ParstagramUITests.debug.xcconfig"; path = "Target Support Files/Pods-Parstagram-ParstagramUITests/Pods-Parstagram-ParstagramUITests.debug.xcconfig"; sourceTree = "<group>"; };
		6F2450A42725791600E2A0ED /* Parstagram.app */ = {isa = PBXFileReference; explicitFileType = wrapper.application; includeInIndex = 0; path = Parstagram.app; sourceTree = BUILT_PRODUCTS_DIR; };
		6F2450A72725791600E2A0ED /* AppDelegate.swift */ = {isa = PBXFileReference; lastKnownFileType = sourcecode.swift; path = AppDelegate.swift; sourceTree = "<group>"; };
		6F2450A92725791600E2A0ED /* SceneDelegate.swift */ = {isa = PBXFileReference; lastKnownFileType = sourcecode.swift; path = SceneDelegate.swift; sourceTree = "<group>"; };
		6F2450AE2725791600E2A0ED /* Base */ = {isa = PBXFileReference; lastKnownFileType = file.storyboard; name = Base; path = Base.lproj/Main.storyboard; sourceTree = "<group>"; };
		6F2450B02725791700E2A0ED /* Assets.xcassets */ = {isa = PBXFileReference; lastKnownFileType = folder.assetcatalog; path = Assets.xcassets; sourceTree = "<group>"; };
		6F2450B32725791700E2A0ED /* Base */ = {isa = PBXFileReference; lastKnownFileType = file.storyboard; name = Base; path = Base.lproj/LaunchScreen.storyboard; sourceTree = "<group>"; };
		6F2450B52725791700E2A0ED /* Info.plist */ = {isa = PBXFileReference; lastKnownFileType = text.plist.xml; path = Info.plist; sourceTree = "<group>"; };
		6F2450BA2725791800E2A0ED /* ParstagramTests.xctest */ = {isa = PBXFileReference; explicitFileType = wrapper.cfbundle; includeInIndex = 0; path = ParstagramTests.xctest; sourceTree = BUILT_PRODUCTS_DIR; };
		6F2450BE2725791800E2A0ED /* ParstagramTests.swift */ = {isa = PBXFileReference; lastKnownFileType = sourcecode.swift; path = ParstagramTests.swift; sourceTree = "<group>"; };
		6F2450C02725791800E2A0ED /* Info.plist */ = {isa = PBXFileReference; lastKnownFileType = text.plist.xml; path = Info.plist; sourceTree = "<group>"; };
		6F2450C52725791800E2A0ED /* ParstagramUITests.xctest */ = {isa = PBXFileReference; explicitFileType = wrapper.cfbundle; includeInIndex = 0; path = ParstagramUITests.xctest; sourceTree = BUILT_PRODUCTS_DIR; };
		6F2450C92725791800E2A0ED /* ParstagramUITests.swift */ = {isa = PBXFileReference; lastKnownFileType = sourcecode.swift; path = ParstagramUITests.swift; sourceTree = "<group>"; };
		6F2450CB2725791800E2A0ED /* Info.plist */ = {isa = PBXFileReference; lastKnownFileType = text.plist.xml; path = Info.plist; sourceTree = "<group>"; };
		6F49D39C272C4E8000160C28 /* CommentCell.swift */ = {isa = PBXFileReference; lastKnownFileType = sourcecode.swift; path = CommentCell.swift; sourceTree = "<group>"; };
		6F82919427257C8C00B40B1B /* LoginViewController.swift */ = {isa = PBXFileReference; lastKnownFileType = sourcecode.swift; path = LoginViewController.swift; sourceTree = "<group>"; };
		6F82919627257CA200B40B1B /* FeedViewController.swift */ = {isa = PBXFileReference; lastKnownFileType = sourcecode.swift; path = FeedViewController.swift; sourceTree = "<group>"; };
		6F829198272582D300B40B1B /* CameraViewController.swift */ = {isa = PBXFileReference; lastKnownFileType = sourcecode.swift; path = CameraViewController.swift; sourceTree = "<group>"; };
		6F82919A27258BA400B40B1B /* PostCell.swift */ = {isa = PBXFileReference; lastKnownFileType = sourcecode.swift; path = PostCell.swift; sourceTree = "<group>"; };
		86F7C9153054E3F829EEB90F /* Pods_Parstagram_ParstagramUITests.framework */ = {isa = PBXFileReference; explicitFileType = wrapper.framework; includeInIndex = 0; path = Pods_Parstagram_ParstagramUITests.framework; sourceTree = BUILT_PRODUCTS_DIR; };
		C0EA60FA706383871DD38002 /* Pods_ParstagramTests.framework */ = {isa = PBXFileReference; explicitFileType = wrapper.framework; includeInIndex = 0; path = Pods_ParstagramTests.framework; sourceTree = BUILT_PRODUCTS_DIR; };
		D843B323E12BCFA52B70CD6B /* Pods-Parstagram-ParstagramUITests.release.xcconfig */ = {isa = PBXFileReference; includeInIndex = 1; lastKnownFileType = text.xcconfig; name = "Pods-Parstagram-ParstagramUITests.release.xcconfig"; path = "Target Support Files/Pods-Parstagram-ParstagramUITests/Pods-Parstagram-ParstagramUITests.release.xcconfig"; sourceTree = "<group>"; };
		F023E9B16BD1E4F283C529CC /* Pods-Parstagram.debug.xcconfig */ = {isa = PBXFileReference; includeInIndex = 1; lastKnownFileType = text.xcconfig; name = "Pods-Parstagram.debug.xcconfig"; path = "Target Support Files/Pods-Parstagram/Pods-Parstagram.debug.xcconfig"; sourceTree = "<group>"; };
/* End PBXFileReference section */

/* Begin PBXFrameworksBuildPhase section */
		6F2450A12725791600E2A0ED /* Frameworks */ = {
			isa = PBXFrameworksBuildPhase;
			buildActionMask = 2147483647;
			files = (
				C1CCC683CA01CD1101E3FE1E /* Pods_Parstagram.framework in Frameworks */,
			);
			runOnlyForDeploymentPostprocessing = 0;
		};
		6F2450B72725791800E2A0ED /* Frameworks */ = {
			isa = PBXFrameworksBuildPhase;
			buildActionMask = 2147483647;
			files = (
				3B8662BB01DE7A0C221A6EE5 /* Pods_ParstagramTests.framework in Frameworks */,
			);
			runOnlyForDeploymentPostprocessing = 0;
		};
		6F2450C22725791800E2A0ED /* Frameworks */ = {
			isa = PBXFrameworksBuildPhase;
			buildActionMask = 2147483647;
			files = (
				4882E322B917D0FC9F4D8507 /* Pods_Parstagram_ParstagramUITests.framework in Frameworks */,
			);
			runOnlyForDeploymentPostprocessing = 0;
		};
/* End PBXFrameworksBuildPhase section */

/* Begin PBXGroup section */
		02BC66D4282D38CF7576D618 /* Pods */ = {
			isa = PBXGroup;
			children = (
				F023E9B16BD1E4F283C529CC /* Pods-Parstagram.debug.xcconfig */,
				502CA844318D6430D3F9662E /* Pods-Parstagram.release.xcconfig */,
				56F8631D7E25C56BA681E72A /* Pods-Parstagram-ParstagramUITests.debug.xcconfig */,
				D843B323E12BCFA52B70CD6B /* Pods-Parstagram-ParstagramUITests.release.xcconfig */,
				275604195BC07155B67BC52F /* Pods-ParstagramTests.debug.xcconfig */,
				4C39286D613DFDDE4C61723C /* Pods-ParstagramTests.release.xcconfig */,
			);
			path = Pods;
			sourceTree = "<group>";
		};
		6F24509B2725791600E2A0ED = {
			isa = PBXGroup;
			children = (
				6F2450A62725791600E2A0ED /* Parstagram */,
				6F2450BD2725791800E2A0ED /* ParstagramTests */,
				6F2450C82725791800E2A0ED /* ParstagramUITests */,
				6F2450A52725791600E2A0ED /* Products */,
				02BC66D4282D38CF7576D618 /* Pods */,
				B924ECE4DF55B570231C06A1 /* Frameworks */,
			);
			sourceTree = "<group>";
		};
		6F2450A52725791600E2A0ED /* Products */ = {
			isa = PBXGroup;
			children = (
				6F2450A42725791600E2A0ED /* Parstagram.app */,
				6F2450BA2725791800E2A0ED /* ParstagramTests.xctest */,
				6F2450C52725791800E2A0ED /* ParstagramUITests.xctest */,
			);
			name = Products;
			sourceTree = "<group>";
		};
		6F2450A62725791600E2A0ED /* Parstagram */ = {
			isa = PBXGroup;
			children = (
				6F2450A72725791600E2A0ED /* AppDelegate.swift */,
				6F2450A92725791600E2A0ED /* SceneDelegate.swift */,
				6F2450AD2725791600E2A0ED /* Main.storyboard */,
				6F2450B02725791700E2A0ED /* Assets.xcassets */,
				6F2450B22725791700E2A0ED /* LaunchScreen.storyboard */,
				6F2450B52725791700E2A0ED /* Info.plist */,
				6F82919427257C8C00B40B1B /* LoginViewController.swift */,
				6F82919627257CA200B40B1B /* FeedViewController.swift */,
				6F829198272582D300B40B1B /* CameraViewController.swift */,
				6F82919A27258BA400B40B1B /* PostCell.swift */,
				6F49D39C272C4E8000160C28 /* CommentCell.swift */,
			);
			path = Parstagram;
			sourceTree = "<group>";
		};
		6F2450BD2725791800E2A0ED /* ParstagramTests */ = {
			isa = PBXGroup;
			children = (
				6F2450BE2725791800E2A0ED /* ParstagramTests.swift */,
				6F2450C02725791800E2A0ED /* Info.plist */,
			);
			path = ParstagramTests;
			sourceTree = "<group>";
		};
		6F2450C82725791800E2A0ED /* ParstagramUITests */ = {
			isa = PBXGroup;
			children = (
				6F2450C92725791800E2A0ED /* ParstagramUITests.swift */,
				6F2450CB2725791800E2A0ED /* Info.plist */,
			);
			path = ParstagramUITests;
			sourceTree = "<group>";
		};
		B924ECE4DF55B570231C06A1 /* Frameworks */ = {
			isa = PBXGroup;
			children = (
				2808EE6566F9682C17751AD7 /* Pods_Parstagram.framework */,
				86F7C9153054E3F829EEB90F /* Pods_Parstagram_ParstagramUITests.framework */,
				C0EA60FA706383871DD38002 /* Pods_ParstagramTests.framework */,
			);
			name = Frameworks;
			sourceTree = "<group>";
		};
/* End PBXGroup section */

/* Begin PBXNativeTarget section */
		6F2450A32725791600E2A0ED /* Parstagram */ = {
			isa = PBXNativeTarget;
			buildConfigurationList = 6F2450CE2725791800E2A0ED /* Build configuration list for PBXNativeTarget "Parstagram" */;
			buildPhases = (
				5B291386782AC341306884F6 /* [CP] Check Pods Manifest.lock */,
				6F2450A02725791600E2A0ED /* Sources */,
				6F2450A12725791600E2A0ED /* Frameworks */,
				6F2450A22725791600E2A0ED /* Resources */,
				DFFDFC067A7EC204F0359373 /* [CP] Embed Pods Frameworks */,
			);
			buildRules = (
			);
			dependencies = (
			);
			name = Parstagram;
			productName = Parstagram;
			productReference = 6F2450A42725791600E2A0ED /* Parstagram.app */;
			productType = "com.apple.product-type.application";
		};
		6F2450B92725791800E2A0ED /* ParstagramTests */ = {
			isa = PBXNativeTarget;
			buildConfigurationList = 6F2450D12725791800E2A0ED /* Build configuration list for PBXNativeTarget "ParstagramTests" */;
			buildPhases = (
				B81540DA2700A8A2ED9BCCC8 /* [CP] Check Pods Manifest.lock */,
				6F2450B62725791800E2A0ED /* Sources */,
				6F2450B72725791800E2A0ED /* Frameworks */,
				6F2450B82725791800E2A0ED /* Resources */,
			);
			buildRules = (
			);
			dependencies = (
				6F2450BC2725791800E2A0ED /* PBXTargetDependency */,
			);
			name = ParstagramTests;
			productName = ParstagramTests;
			productReference = 6F2450BA2725791800E2A0ED /* ParstagramTests.xctest */;
			productType = "com.apple.product-type.bundle.unit-test";
		};
		6F2450C42725791800E2A0ED /* ParstagramUITests */ = {
			isa = PBXNativeTarget;
			buildConfigurationList = 6F2450D42725791800E2A0ED /* Build configuration list for PBXNativeTarget "ParstagramUITests" */;
			buildPhases = (
				6761685B0610A17196541652 /* [CP] Check Pods Manifest.lock */,
				6F2450C12725791800E2A0ED /* Sources */,
				6F2450C22725791800E2A0ED /* Frameworks */,
				6F2450C32725791800E2A0ED /* Resources */,
				DBAA0113DB7792AFDC14F35E /* [CP] Embed Pods Frameworks */,
			);
			buildRules = (
			);
			dependencies = (
				6F2450C72725791800E2A0ED /* PBXTargetDependency */,
			);
			name = ParstagramUITests;
			productName = ParstagramUITests;
			productReference = 6F2450C52725791800E2A0ED /* ParstagramUITests.xctest */;
			productType = "com.apple.product-type.bundle.ui-testing";
		};
/* End PBXNativeTarget section */

/* Begin PBXProject section */
		6F24509C2725791600E2A0ED /* Project object */ = {
			isa = PBXProject;
			attributes = {
				LastSwiftUpdateCheck = 1250;
				LastUpgradeCheck = 1250;
				TargetAttributes = {
					6F2450A32725791600E2A0ED = {
						CreatedOnToolsVersion = 12.5.1;
					};
					6F2450B92725791800E2A0ED = {
						CreatedOnToolsVersion = 12.5.1;
						TestTargetID = 6F2450A32725791600E2A0ED;
					};
					6F2450C42725791800E2A0ED = {
						CreatedOnToolsVersion = 12.5.1;
						TestTargetID = 6F2450A32725791600E2A0ED;
					};
				};
			};
			buildConfigurationList = 6F24509F2725791600E2A0ED /* Build configuration list for PBXProject "Parstagram" */;
			compatibilityVersion = "Xcode 9.3";
			developmentRegion = en;
			hasScannedForEncodings = 0;
			knownRegions = (
				en,
				Base,
			);
			mainGroup = 6F24509B2725791600E2A0ED;
			productRefGroup = 6F2450A52725791600E2A0ED /* Products */;
			projectDirPath = "";
			projectRoot = "";
			targets = (
				6F2450A32725791600E2A0ED /* Parstagram */,
				6F2450B92725791800E2A0ED /* ParstagramTests */,
				6F2450C42725791800E2A0ED /* ParstagramUITests */,
			);
		};
/* End PBXProject section */

/* Begin PBXResourcesBuildPhase section */
		6F2450A22725791600E2A0ED /* Resources */ = {
			isa = PBXResourcesBuildPhase;
			buildActionMask = 2147483647;
			files = (
				6F2450B42725791700E2A0ED /* LaunchScreen.storyboard in Resources */,
				6F2450B12725791700E2A0ED /* Assets.xcassets in Resources */,
				6F2450AF2725791600E2A0ED /* Main.storyboard in Resources */,
			);
			runOnlyForDeploymentPostprocessing = 0;
		};
		6F2450B82725791800E2A0ED /* Resources */ = {
			isa = PBXResourcesBuildPhase;
			buildActionMask = 2147483647;
			files = (
			);
			runOnlyForDeploymentPostprocessing = 0;
		};
		6F2450C32725791800E2A0ED /* Resources */ = {
			isa = PBXResourcesBuildPhase;
			buildActionMask = 2147483647;
			files = (
			);
			runOnlyForDeploymentPostprocessing = 0;
		};
/* End PBXResourcesBuildPhase section */

/* Begin PBXShellScriptBuildPhase section */
		5B291386782AC341306884F6 /* [CP] Check Pods Manifest.lock */ = {
			isa = PBXShellScriptBuildPhase;
			buildActionMask = 2147483647;
			files = (
			);
			inputFileListPaths = (
			);
			inputPaths = (
				"${PODS_PODFILE_DIR_PATH}/Podfile.lock",
				"${PODS_ROOT}/Manifest.lock",
			);
			name = "[CP] Check Pods Manifest.lock";
			outputFileListPaths = (
			);
			outputPaths = (
				"$(DERIVED_FILE_DIR)/Pods-Parstagram-checkManifestLockResult.txt",
			);
			runOnlyForDeploymentPostprocessing = 0;
			shellPath = /bin/sh;
			shellScript = "diff \"${PODS_PODFILE_DIR_PATH}/Podfile.lock\" \"${PODS_ROOT}/Manifest.lock\" > /dev/null\nif [ $? != 0 ] ; then\n    # print error to STDERR\n    echo \"error: The sandbox is not in sync with the Podfile.lock. Run 'pod install' or update your CocoaPods installation.\" >&2\n    exit 1\nfi\n# This output is used by Xcode 'outputs' to avoid re-running this script phase.\necho \"SUCCESS\" > \"${SCRIPT_OUTPUT_FILE_0}\"\n";
			showEnvVarsInLog = 0;
		};
		6761685B0610A17196541652 /* [CP] Check Pods Manifest.lock */ = {
			isa = PBXShellScriptBuildPhase;
			buildActionMask = 2147483647;
			files = (
			);
			inputFileListPaths = (
			);
			inputPaths = (
				"${PODS_PODFILE_DIR_PATH}/Podfile.lock",
				"${PODS_ROOT}/Manifest.lock",
			);
			name = "[CP] Check Pods Manifest.lock";
			outputFileListPaths = (
			);
			outputPaths = (
				"$(DERIVED_FILE_DIR)/Pods-Parstagram-ParstagramUITests-checkManifestLockResult.txt",
			);
			runOnlyForDeploymentPostprocessing = 0;
			shellPath = /bin/sh;
			shellScript = "diff \"${PODS_PODFILE_DIR_PATH}/Podfile.lock\" \"${PODS_ROOT}/Manifest.lock\" > /dev/null\nif [ $? != 0 ] ; then\n    # print error to STDERR\n    echo \"error: The sandbox is not in sync with the Podfile.lock. Run 'pod install' or update your CocoaPods installation.\" >&2\n    exit 1\nfi\n# This output is used by Xcode 'outputs' to avoid re-running this script phase.\necho \"SUCCESS\" > \"${SCRIPT_OUTPUT_FILE_0}\"\n";
			showEnvVarsInLog = 0;
		};
		B81540DA2700A8A2ED9BCCC8 /* [CP] Check Pods Manifest.lock */ = {
			isa = PBXShellScriptBuildPhase;
			buildActionMask = 2147483647;
			files = (
			);
			inputFileListPaths = (
			);
			inputPaths = (
				"${PODS_PODFILE_DIR_PATH}/Podfile.lock",
				"${PODS_ROOT}/Manifest.lock",
			);
			name = "[CP] Check Pods Manifest.lock";
			outputFileListPaths = (
			);
			outputPaths = (
				"$(DERIVED_FILE_DIR)/Pods-ParstagramTests-checkManifestLockResult.txt",
			);
			runOnlyForDeploymentPostprocessing = 0;
			shellPath = /bin/sh;
			shellScript = "diff \"${PODS_PODFILE_DIR_PATH}/Podfile.lock\" \"${PODS_ROOT}/Manifest.lock\" > /dev/null\nif [ $? != 0 ] ; then\n    # print error to STDERR\n    echo \"error: The sandbox is not in sync with the Podfile.lock. Run 'pod install' or update your CocoaPods installation.\" >&2\n    exit 1\nfi\n# This output is used by Xcode 'outputs' to avoid re-running this script phase.\necho \"SUCCESS\" > \"${SCRIPT_OUTPUT_FILE_0}\"\n";
			showEnvVarsInLog = 0;
		};
		DBAA0113DB7792AFDC14F35E /* [CP] Embed Pods Frameworks */ = {
			isa = PBXShellScriptBuildPhase;
			buildActionMask = 2147483647;
			files = (
			);
			inputFileListPaths = (
				"${PODS_ROOT}/Target Support Files/Pods-Parstagram-ParstagramUITests/Pods-Parstagram-ParstagramUITests-frameworks-${CONFIGURATION}-input-files.xcfilelist",
			);
			name = "[CP] Embed Pods Frameworks";
			outputFileListPaths = (
				"${PODS_ROOT}/Target Support Files/Pods-Parstagram-ParstagramUITests/Pods-Parstagram-ParstagramUITests-frameworks-${CONFIGURATION}-output-files.xcfilelist",
			);
			runOnlyForDeploymentPostprocessing = 0;
			shellPath = /bin/sh;
			shellScript = "\"${PODS_ROOT}/Target Support Files/Pods-Parstagram-ParstagramUITests/Pods-Parstagram-ParstagramUITests-frameworks.sh\"\n";
			showEnvVarsInLog = 0;
		};
		DFFDFC067A7EC204F0359373 /* [CP] Embed Pods Frameworks */ = {
			isa = PBXShellScriptBuildPhase;
			buildActionMask = 2147483647;
			files = (
			);
			inputFileListPaths = (
				"${PODS_ROOT}/Target Support Files/Pods-Parstagram/Pods-Parstagram-frameworks-${CONFIGURATION}-input-files.xcfilelist",
			);
			name = "[CP] Embed Pods Frameworks";
			outputFileListPaths = (
				"${PODS_ROOT}/Target Support Files/Pods-Parstagram/Pods-Parstagram-frameworks-${CONFIGURATION}-output-files.xcfilelist",
			);
			runOnlyForDeploymentPostprocessing = 0;
			shellPath = /bin/sh;
			shellScript = "\"${PODS_ROOT}/Target Support Files/Pods-Parstagram/Pods-Parstagram-frameworks.sh\"\n";
			showEnvVarsInLog = 0;
		};
/* End PBXShellScriptBuildPhase section */

/* Begin PBXSourcesBuildPhase section */
		6F2450A02725791600E2A0ED /* Sources */ = {
			isa = PBXSourcesBuildPhase;
			buildActionMask = 2147483647;
			files = (
				6F82919527257C8C00B40B1B /* LoginViewController.swift in Sources */,
				6F829199272582D300B40B1B /* CameraViewController.swift in Sources */,
				6F2450A82725791600E2A0ED /* AppDelegate.swift in Sources */,
				6F82919727257CA200B40B1B /* FeedViewController.swift in Sources */,
				6F2450AA2725791600E2A0ED /* SceneDelegate.swift in Sources */,
				6F82919B27258BA400B40B1B /* PostCell.swift in Sources */,
				6F49D39D272C4E8000160C28 /* CommentCell.swift in Sources */,
			);
			runOnlyForDeploymentPostprocessing = 0;
		};
		6F2450B62725791800E2A0ED /* Sources */ = {
			isa = PBXSourcesBuildPhase;
			buildActionMask = 2147483647;
			files = (
				6F2450BF2725791800E2A0ED /* ParstagramTests.swift in Sources */,
			);
			runOnlyForDeploymentPostprocessing = 0;
		};
		6F2450C12725791800E2A0ED /* Sources */ = {
			isa = PBXSourcesBuildPhase;
			buildActionMask = 2147483647;
			files = (
				6F2450CA2725791800E2A0ED /* ParstagramUITests.swift in Sources */,
			);
			runOnlyForDeploymentPostprocessing = 0;
		};
/* End PBXSourcesBuildPhase section */

/* Begin PBXTargetDependency section */
		6F2450BC2725791800E2A0ED /* PBXTargetDependency */ = {
			isa = PBXTargetDependency;
			target = 6F2450A32725791600E2A0ED /* Parstagram */;
			targetProxy = 6F2450BB2725791800E2A0ED /* PBXContainerItemProxy */;
		};
		6F2450C72725791800E2A0ED /* PBXTargetDependency */ = {
			isa = PBXTargetDependency;
			target = 6F2450A32725791600E2A0ED /* Parstagram */;
			targetProxy = 6F2450C62725791800E2A0ED /* PBXContainerItemProxy */;
		};
/* End PBXTargetDependency section */

/* Begin PBXVariantGroup section */
		6F2450AD2725791600E2A0ED /* Main.storyboard */ = {
			isa = PBXVariantGroup;
			children = (
				6F2450AE2725791600E2A0ED /* Base */,
			);
			name = Main.storyboard;
			sourceTree = "<group>";
		};
		6F2450B22725791700E2A0ED /* LaunchScreen.storyboard */ = {
			isa = PBXVariantGroup;
			children = (
				6F2450B32725791700E2A0ED /* Base */,
			);
			name = LaunchScreen.storyboard;
			sourceTree = "<group>";
		};
/* End PBXVariantGroup section */

/* Begin XCBuildConfiguration section */
		6F2450CC2725791800E2A0ED /* Debug */ = {
			isa = XCBuildConfiguration;
			buildSettings = {
				ALWAYS_SEARCH_USER_PATHS = NO;
				CLANG_ANALYZER_NONNULL = YES;
				CLANG_ANALYZER_NUMBER_OBJECT_CONVERSION = YES_AGGRESSIVE;
				CLANG_CXX_LANGUAGE_STANDARD = "gnu++14";
				CLANG_CXX_LIBRARY = "libc++";
				CLANG_ENABLE_MODULES = YES;
				CLANG_ENABLE_OBJC_ARC = YES;
				CLANG_ENABLE_OBJC_WEAK = YES;
				CLANG_WARN_BLOCK_CAPTURE_AUTORELEASING = YES;
				CLANG_WARN_BOOL_CONVERSION = YES;
				CLANG_WARN_COMMA = YES;
				CLANG_WARN_CONSTANT_CONVERSION = YES;
				CLANG_WARN_DEPRECATED_OBJC_IMPLEMENTATIONS = YES;
				CLANG_WARN_DIRECT_OBJC_ISA_USAGE = YES_ERROR;
				CLANG_WARN_DOCUMENTATION_COMMENTS = YES;
				CLANG_WARN_EMPTY_BODY = YES;
				CLANG_WARN_ENUM_CONVERSION = YES;
				CLANG_WARN_INFINITE_RECURSION = YES;
				CLANG_WARN_INT_CONVERSION = YES;
				CLANG_WARN_NON_LITERAL_NULL_CONVERSION = YES;
				CLANG_WARN_OBJC_IMPLICIT_RETAIN_SELF = YES;
				CLANG_WARN_OBJC_LITERAL_CONVERSION = YES;
				CLANG_WARN_OBJC_ROOT_CLASS = YES_ERROR;
				CLANG_WARN_QUOTED_INCLUDE_IN_FRAMEWORK_HEADER = YES;
				CLANG_WARN_RANGE_LOOP_ANALYSIS = YES;
				CLANG_WARN_STRICT_PROTOTYPES = YES;
				CLANG_WARN_SUSPICIOUS_MOVE = YES;
				CLANG_WARN_UNGUARDED_AVAILABILITY = YES_AGGRESSIVE;
				CLANG_WARN_UNREACHABLE_CODE = YES;
				CLANG_WARN__DUPLICATE_METHOD_MATCH = YES;
				COPY_PHASE_STRIP = NO;
				DEBUG_INFORMATION_FORMAT = dwarf;
				ENABLE_STRICT_OBJC_MSGSEND = YES;
				ENABLE_TESTABILITY = YES;
				GCC_C_LANGUAGE_STANDARD = gnu11;
				GCC_DYNAMIC_NO_PIC = NO;
				GCC_NO_COMMON_BLOCKS = YES;
				GCC_OPTIMIZATION_LEVEL = 0;
				GCC_PREPROCESSOR_DEFINITIONS = (
					"DEBUG=1",
					"$(inherited)",
				);
				GCC_WARN_64_TO_32_BIT_CONVERSION = YES;
				GCC_WARN_ABOUT_RETURN_TYPE = YES_ERROR;
				GCC_WARN_UNDECLARED_SELECTOR = YES;
				GCC_WARN_UNINITIALIZED_AUTOS = YES_AGGRESSIVE;
				GCC_WARN_UNUSED_FUNCTION = YES;
				GCC_WARN_UNUSED_VARIABLE = YES;
				IPHONEOS_DEPLOYMENT_TARGET = 14.5;
				MTL_ENABLE_DEBUG_INFO = INCLUDE_SOURCE;
				MTL_FAST_MATH = YES;
				ONLY_ACTIVE_ARCH = YES;
				SDKROOT = iphoneos;
				SWIFT_ACTIVE_COMPILATION_CONDITIONS = DEBUG;
				SWIFT_OPTIMIZATION_LEVEL = "-Onone";
			};
			name = Debug;
		};
		6F2450CD2725791800E2A0ED /* Release */ = {
			isa = XCBuildConfiguration;
			buildSettings = {
				ALWAYS_SEARCH_USER_PATHS = NO;
				CLANG_ANALYZER_NONNULL = YES;
				CLANG_ANALYZER_NUMBER_OBJECT_CONVERSION = YES_AGGRESSIVE;
				CLANG_CXX_LANGUAGE_STANDARD = "gnu++14";
				CLANG_CXX_LIBRARY = "libc++";
				CLANG_ENABLE_MODULES = YES;
				CLANG_ENABLE_OBJC_ARC = YES;
				CLANG_ENABLE_OBJC_WEAK = YES;
				CLANG_WARN_BLOCK_CAPTURE_AUTORELEASING = YES;
				CLANG_WARN_BOOL_CONVERSION = YES;
				CLANG_WARN_COMMA = YES;
				CLANG_WARN_CONSTANT_CONVERSION = YES;
				CLANG_WARN_DEPRECATED_OBJC_IMPLEMENTATIONS = YES;
				CLANG_WARN_DIRECT_OBJC_ISA_USAGE = YES_ERROR;
				CLANG_WARN_DOCUMENTATION_COMMENTS = YES;
				CLANG_WARN_EMPTY_BODY = YES;
				CLANG_WARN_ENUM_CONVERSION = YES;
				CLANG_WARN_INFINITE_RECURSION = YES;
				CLANG_WARN_INT_CONVERSION = YES;
				CLANG_WARN_NON_LITERAL_NULL_CONVERSION = YES;
				CLANG_WARN_OBJC_IMPLICIT_RETAIN_SELF = YES;
				CLANG_WARN_OBJC_LITERAL_CONVERSION = YES;
				CLANG_WARN_OBJC_ROOT_CLASS = YES_ERROR;
				CLANG_WARN_QUOTED_INCLUDE_IN_FRAMEWORK_HEADER = YES;
				CLANG_WARN_RANGE_LOOP_ANALYSIS = YES;
				CLANG_WARN_STRICT_PROTOTYPES = YES;
				CLANG_WARN_SUSPICIOUS_MOVE = YES;
				CLANG_WARN_UNGUARDED_AVAILABILITY = YES_AGGRESSIVE;
				CLANG_WARN_UNREACHABLE_CODE = YES;
				CLANG_WARN__DUPLICATE_METHOD_MATCH = YES;
				COPY_PHASE_STRIP = NO;
				DEBUG_INFORMATION_FORMAT = "dwarf-with-dsym";
				ENABLE_NS_ASSERTIONS = NO;
				ENABLE_STRICT_OBJC_MSGSEND = YES;
				GCC_C_LANGUAGE_STANDARD = gnu11;
				GCC_NO_COMMON_BLOCKS = YES;
				GCC_WARN_64_TO_32_BIT_CONVERSION = YES;
				GCC_WARN_ABOUT_RETURN_TYPE = YES_ERROR;
				GCC_WARN_UNDECLARED_SELECTOR = YES;
				GCC_WARN_UNINITIALIZED_AUTOS = YES_AGGRESSIVE;
				GCC_WARN_UNUSED_FUNCTION = YES;
				GCC_WARN_UNUSED_VARIABLE = YES;
				IPHONEOS_DEPLOYMENT_TARGET = 14.5;
				MTL_ENABLE_DEBUG_INFO = NO;
				MTL_FAST_MATH = YES;
				SDKROOT = iphoneos;
				SWIFT_COMPILATION_MODE = wholemodule;
				SWIFT_OPTIMIZATION_LEVEL = "-O";
				VALIDATE_PRODUCT = YES;
			};
			name = Release;
		};
		6F2450CF2725791800E2A0ED /* Debug */ = {
			isa = XCBuildConfiguration;
			baseConfigurationReference = F023E9B16BD1E4F283C529CC /* Pods-Parstagram.debug.xcconfig */;
			buildSettings = {
				ASSETCATALOG_COMPILER_APPICON_NAME = AppIcon;
				ASSETCATALOG_COMPILER_GLOBAL_ACCENT_COLOR_NAME = AccentColor;
				CODE_SIGN_STYLE = Automatic;
				DEVELOPMENT_TEAM = NZXC77SQ98;
				INFOPLIST_FILE = Parstagram/Info.plist;
				LD_RUNPATH_SEARCH_PATHS = (
					"$(inherited)",
					"@executable_path/Frameworks",
				);
				PRODUCT_BUNDLE_IDENTIFIER = RitaHan.Parstagram;
				PRODUCT_NAME = "$(TARGET_NAME)";
				SWIFT_VERSION = 5.0;
				TARGETED_DEVICE_FAMILY = "1,2";
			};
			name = Debug;
		};
		6F2450D02725791800E2A0ED /* Release */ = {
			isa = XCBuildConfiguration;
			baseConfigurationReference = 502CA844318D6430D3F9662E /* Pods-Parstagram.release.xcconfig */;
			buildSettings = {
				ASSETCATALOG_COMPILER_APPICON_NAME = AppIcon;
				ASSETCATALOG_COMPILER_GLOBAL_ACCENT_COLOR_NAME = AccentColor;
				CODE_SIGN_STYLE = Automatic;
				DEVELOPMENT_TEAM = NZXC77SQ98;
				INFOPLIST_FILE = Parstagram/Info.plist;
				LD_RUNPATH_SEARCH_PATHS = (
					"$(inherited)",
					"@executable_path/Frameworks",
				);
				PRODUCT_BUNDLE_IDENTIFIER = RitaHan.Parstagram;
				PRODUCT_NAME = "$(TARGET_NAME)";
				SWIFT_VERSION = 5.0;
				TARGETED_DEVICE_FAMILY = "1,2";
			};
			name = Release;
		};
		6F2450D22725791800E2A0ED /* Debug */ = {
			isa = XCBuildConfiguration;
			baseConfigurationReference = 275604195BC07155B67BC52F /* Pods-ParstagramTests.debug.xcconfig */;
			buildSettings = {
				ALWAYS_EMBED_SWIFT_STANDARD_LIBRARIES = YES;
				BUNDLE_LOADER = "$(TEST_HOST)";
				CODE_SIGN_STYLE = Automatic;
				DEVELOPMENT_TEAM = NZXC77SQ98;
				INFOPLIST_FILE = ParstagramTests/Info.plist;
				IPHONEOS_DEPLOYMENT_TARGET = 14.5;
				LD_RUNPATH_SEARCH_PATHS = (
					"$(inherited)",
					"@executable_path/Frameworks",
					"@loader_path/Frameworks",
				);
				PRODUCT_BUNDLE_IDENTIFIER = RitaHan.ParstagramTests;
				PRODUCT_NAME = "$(TARGET_NAME)";
				SWIFT_VERSION = 5.0;
				TARGETED_DEVICE_FAMILY = "1,2";
				TEST_HOST = "$(BUILT_PRODUCTS_DIR)/Parstagram.app/Parstagram";
			};
			name = Debug;
		};
		6F2450D32725791800E2A0ED /* Release */ = {
			isa = XCBuildConfiguration;
			baseConfigurationReference = 4C39286D613DFDDE4C61723C /* Pods-ParstagramTests.release.xcconfig */;
			buildSettings = {
				ALWAYS_EMBED_SWIFT_STANDARD_LIBRARIES = YES;
				BUNDLE_LOADER = "$(TEST_HOST)";
				CODE_SIGN_STYLE = Automatic;
				DEVELOPMENT_TEAM = NZXC77SQ98;
				INFOPLIST_FILE = ParstagramTests/Info.plist;
				IPHONEOS_DEPLOYMENT_TARGET = 14.5;
				LD_RUNPATH_SEARCH_PATHS = (
					"$(inherited)",
					"@executable_path/Frameworks",
					"@loader_path/Frameworks",
				);
				PRODUCT_BUNDLE_IDENTIFIER = RitaHan.ParstagramTests;
				PRODUCT_NAME = "$(TARGET_NAME)";
				SWIFT_VERSION = 5.0;
				TARGETED_DEVICE_FAMILY = "1,2";
				TEST_HOST = "$(BUILT_PRODUCTS_DIR)/Parstagram.app/Parstagram";
			};
			name = Release;
		};
		6F2450D52725791800E2A0ED /* Debug */ = {
			isa = XCBuildConfiguration;
			baseConfigurationReference = 56F8631D7E25C56BA681E72A /* Pods-Parstagram-ParstagramUITests.debug.xcconfig */;
			buildSettings = {
				ALWAYS_EMBED_SWIFT_STANDARD_LIBRARIES = YES;
				CODE_SIGN_STYLE = Automatic;
				DEVELOPMENT_TEAM = NZXC77SQ98;
				INFOPLIST_FILE = ParstagramUITests/Info.plist;
				LD_RUNPATH_SEARCH_PATHS = (
					"$(inherited)",
					"@executable_path/Frameworks",
					"@loader_path/Frameworks",
				);
				PRODUCT_BUNDLE_IDENTIFIER = RitaHan.ParstagramUITests;
				PRODUCT_NAME = "$(TARGET_NAME)";
				SWIFT_VERSION = 5.0;
				TARGETED_DEVICE_FAMILY = "1,2";
				TEST_TARGET_NAME = Parstagram;
			};
			name = Debug;
		};
		6F2450D62725791800E2A0ED /* Release */ = {
			isa = XCBuildConfiguration;
			baseConfigurationReference = D843B323E12BCFA52B70CD6B /* Pods-Parstagram-ParstagramUITests.release.xcconfig */;
			buildSettings = {
				ALWAYS_EMBED_SWIFT_STANDARD_LIBRARIES = YES;
				CODE_SIGN_STYLE = Automatic;
				DEVELOPMENT_TEAM = NZXC77SQ98;
				INFOPLIST_FILE = ParstagramUITests/Info.plist;
				LD_RUNPATH_SEARCH_PATHS = (
					"$(inherited)",
					"@executable_path/Frameworks",
					"@loader_path/Frameworks",
				);
				PRODUCT_BUNDLE_IDENTIFIER = RitaHan.ParstagramUITests;
				PRODUCT_NAME = "$(TARGET_NAME)";
				SWIFT_VERSION = 5.0;
				TARGETED_DEVICE_FAMILY = "1,2";
				TEST_TARGET_NAME = Parstagram;
			};
			name = Release;
		};
/* End XCBuildConfiguration section */

/* Begin XCConfigurationList section */
		6F24509F2725791600E2A0ED /* Build configuration list for PBXProject "Parstagram" */ = {
			isa = XCConfigurationList;
			buildConfigurations = (
				6F2450CC2725791800E2A0ED /* Debug */,
				6F2450CD2725791800E2A0ED /* Release */,
			);
			defaultConfigurationIsVisible = 0;
			defaultConfigurationName = Release;
		};
		6F2450CE2725791800E2A0ED /* Build configuration list for PBXNativeTarget "Parstagram" */ = {
			isa = XCConfigurationList;
			buildConfigurations = (
				6F2450CF2725791800E2A0ED /* Debug */,
				6F2450D02725791800E2A0ED /* Release */,
			);
			defaultConfigurationIsVisible = 0;
			defaultConfigurationName = Release;
		};
		6F2450D12725791800E2A0ED /* Build configuration list for PBXNativeTarget "ParstagramTests" */ = {
			isa = XCConfigurationList;
			buildConfigurations = (
				6F2450D22725791800E2A0ED /* Debug */,
				6F2450D32725791800E2A0ED /* Release */,
			);
			defaultConfigurationIsVisible = 0;
			defaultConfigurationName = Release;
		};
		6F2450D42725791800E2A0ED /* Build configuration list for PBXNativeTarget "ParstagramUITests" */ = {
			isa = XCConfigurationList;
			buildConfigurations = (
				6F2450D52725791800E2A0ED /* Debug */,
				6F2450D62725791800E2A0ED /* Release */,
			);
			defaultConfigurationIsVisible = 0;
			defaultConfigurationName = Release;
		};
/* End XCConfigurationList section */
	};
	rootObject = 6F24509C2725791600E2A0ED /* Project object */;
}
